# This file is automatically @generated by Cargo.
# It is not intended for manual editing.
version = 3

[[package]]
name = "bitflags"
version = "2.6.0"
source = "registry+https://github.com/rust-lang/crates.io-index"
checksum = "b048fb63fd8b5923fc5aa7b340d8e156aec7ec02f0c78fa8a6ddc2613f6f71de"

[[package]]
name = "fuel-asm"
version = "0.59.0"
source = "registry+https://github.com/rust-lang/crates.io-index"
checksum = "9ad0f646a7c3df73915f4c3aa7e444dd6277f16f92329f4c9655e6989cad3e40"
dependencies = [
 "bitflags",
 "fuel-types",
 "serde",
 "strum",
]

[[package]]
name = "fuel-derive"
version = "0.59.0"
source = "registry+https://github.com/rust-lang/crates.io-index"
checksum = "73193d6dc44b5995eabe6d4fda6bb211e63bdc6a1ddbd4e8486a3cb857f65d71"
dependencies = [
 "proc-macro2",
 "quote",
 "syn 2.0.90",
 "synstructure",
]

[[package]]
name = "fuel-disass"
version = "0.1.0"
dependencies = [
 "fuel-asm",
]

[[package]]
name = "fuel-types"
version = "0.59.0"
source = "registry+https://github.com/rust-lang/crates.io-index"
checksum = "4b8901c17f22217082704b754e5f6d999dd365463666d3f33bb1bf89eb856284"
dependencies = [
 "fuel-derive",
 "hex",
 "serde",
]

[[package]]
name = "heck"
version = "0.4.1"
source = "registry+https://github.com/rust-lang/crates.io-index"
checksum = "95505c38b4572b2d910cecb0281560f54b440a19336cbbcb27bf6ce6adc6f5a8"

[[package]]
name = "hex"
version = "0.4.3"
source = "registry+https://github.com/rust-lang/crates.io-index"
checksum = "7f24254aa9a54b5c858eaee2f5bccdb46aaf0e486a595ed5fd8f86ba55232a70"

[[package]]
name = "proc-macro2"
version = "1.0.92"
source = "registry+https://github.com/rust-lang/crates.io-index"
checksum = "37d3544b3f2748c54e147655edb5025752e2303145b5aefb3c3ea2c78b973bb0"
dependencies = [
 "unicode-ident",
]

[[package]]
name = "quote"
version = "1.0.37"
source = "registry+https://github.com/rust-lang/crates.io-index"
checksum = "b5b9d34b8991d19d98081b46eacdd8eb58c6f2b201139f7c5f643cc155a633af"
dependencies = [
 "proc-macro2",
]

[[package]]
name = "rustversion"
version = "1.0.18"
source = "registry+https://github.com/rust-lang/crates.io-index"
checksum = "0e819f2bc632f285be6d7cd36e25940d45b2391dd6d9b939e79de557f7014248"

[[package]]
name = "serde"
version = "1.0.216"
source = "registry+https://github.com/rust-lang/crates.io-index"
checksum = "0b9781016e935a97e8beecf0c933758c97a5520d32930e460142b4cd80c6338e"
dependencies = [
 "serde_derive",
]

[[package]]
name = "serde_derive"
version = "1.0.216"
source = "registry+https://github.com/rust-lang/crates.io-index"
checksum = "46f859dbbf73865c6627ed570e78961cd3ac92407a2d117204c49232485da55e"
dependencies = [
 "proc-macro2",
 "quote",
 "syn 2.0.90",
]

[[package]]
name = "strum"
version = "0.24.1"
source = "registry+https://github.com/rust-lang/crates.io-index"
checksum = "063e6045c0e62079840579a7e47a355ae92f60eb74daaf156fb1e84ba164e63f"
dependencies = [
 "strum_macros",
]

[[package]]
name = "strum_macros"
version = "0.24.3"
source = "registry+https://github.com/rust-lang/crates.io-index"
checksum = "1e385be0d24f186b4ce2f9982191e7101bb737312ad61c1f2f984f34bcf85d59"
dependencies = [
 "heck",
 "proc-macro2",
 "quote",
 "rustversion",
 "syn 1.0.109",
]

[[package]]
name = "syn"
version = "1.0.109"
source = "registry+https://github.com/rust-lang/crates.io-index"
checksum = "72b64191b275b66ffe2469e8af2c1cfe3bafa67b529ead792a6d0160888b4237"
dependencies = [
 "proc-macro2",
 "quote",
 "unicode-ident",
]

[[package]]
name = "syn"
version = "2.0.90"
source = "registry+https://github.com/rust-lang/crates.io-index"
checksum = "919d3b74a5dd0ccd15aeb8f93e7006bd9e14c295087c9896a110f490752bcf31"
dependencies = [
 "proc-macro2",
 "quote",
 "unicode-ident",
]

[[package]]
name = "synstructure"
version = "0.13.1"
source = "registry+https://github.com/rust-lang/crates.io-index"
checksum = "c8af7666ab7b6390ab78131fb5b0fce11d6b7a6951602017c35fa82800708971"
dependencies = [
 "proc-macro2",
 "quote",
 "syn 2.0.90",
]

[[package]]
name = "unicode-ident"
version = "1.0.14"
source = "registry+https://github.com/rust-lang/crates.io-index"
checksum = "adb9e6ca4f869e1180728b7950e35922a7fc6397f7b641499e8f3ef06e50dc83"
